
Microsoft Visual Studio Solution File, Format Version 12.00
# Visual Studio Version 17
VisualStudioVersion = 17.3.32819.101
MinimumVisualStudioVersion = 10.0.40219.1
Project("{FAE04EC0-301F-11D3-BF4B-00C04F79EFBC}") = "Remindy", "Remindy.csproj", "{E5E1B673-EDAC-469B-9A24-6CB3DA306DB2}"
EndProject
Global
	GlobalSection(SolutionConfigurationPlatforms) = preSolution
		Debug|Any CPU = Debug|Any CPU
		Release|Any CPU = Release|Any CPU
	EndGlobalSection
	GlobalSection(ProjectConfigurationPlatforms) = postSolution
		{E5E1B673-EDAC-469B-9A24-6CB3DA306DB2}.Debug|Any CPU.ActiveCfg = Debug|Any CPU
		{E5E1B673-EDAC-469B-9A24-6CB3DA306DB2}.Debug|Any CPU.Build.0 = Debug|Any CPU
		{E5E1B673-EDAC-469B-9A24-6CB3DA306DB2}.Release|Any CPU.ActiveCfg = Release|Any CPU
		{E5E1B673-EDAC-469B-9A24-6CB3DA306DB2}.Release|Any CPU.Build.0 = Release|Any CPU
	EndGlobalSection
	GlobalSection(SolutionProperties) = preSolution
		HideSolutionNode = FALSE
	EndGlobalSection
	GlobalSection(ExtensibilityGlobals) = postSolution
		SolutionGuid = {E26383A1-0E0C-4CBA-95E1-EECE9CC07338}
	EndGlobalSection
EndGlobal
